// !$*UTF8*$!
{
	archiveVersion = 1;
	classes = {
	};
	objectVersion = 50;
	objects = {

/* Begin PBXBuildFile section */
		440DD95E20CC1CC3004C748E /* Ledger.swift in Sources */ = {isa = PBXBuildFile; fileRef = 440DD95D20CC1CC3004C748E /* Ledger.swift */; };
		440DD96020CD9522004C748E /* UITextField+Buttons.swift in Sources */ = {isa = PBXBuildFile; fileRef = 440DD95F20CD9522004C748E /* UITextField+Buttons.swift */; };
		440DD96220CDA025004C748E /* RoundedUIView.swift in Sources */ = {isa = PBXBuildFile; fileRef = 440DD96120CDA025004C748E /* RoundedUIView.swift */; };
		445514DD20C71895003735BE /* AppDelegate.swift in Sources */ = {isa = PBXBuildFile; fileRef = 445514DC20C71895003735BE /* AppDelegate.swift */; };
		445514DF20C71895003735BE /* ScoopViewController.swift in Sources */ = {isa = PBXBuildFile; fileRef = 445514DE20C71895003735BE /* ScoopViewController.swift */; };
		445514E120C71895003735BE /* SimulationViewController.swift in Sources */ = {isa = PBXBuildFile; fileRef = 445514E020C71895003735BE /* SimulationViewController.swift */; };
		445514E420C71895003735BE /* Main.storyboard in Resources */ = {isa = PBXBuildFile; fileRef = 445514E220C71895003735BE /* Main.storyboard */; };
		445514E620C71896003735BE /* Assets.xcassets in Resources */ = {isa = PBXBuildFile; fileRef = 445514E520C71896003735BE /* Assets.xcassets */; };
		445514E920C71896003735BE /* LaunchScreen.storyboard in Resources */ = {isa = PBXBuildFile; fileRef = 445514E720C71896003735BE /* LaunchScreen.storyboard */; };
		445514F420C71897003735BE /* CoinTipTests.swift in Sources */ = {isa = PBXBuildFile; fileRef = 445514F320C71897003735BE /* CoinTipTests.swift */; };
		4455150120C7365F003735BE /* TradesTableViewCell.swift in Sources */ = {isa = PBXBuildFile; fileRef = 4455150020C7365F003735BE /* TradesTableViewCell.swift */; };
		4455150320C8651F003735BE /* SimulationTableViewController.swift in Sources */ = {isa = PBXBuildFile; fileRef = 4455150220C8651F003735BE /* SimulationTableViewController.swift */; };
		4455150520C9C339003735BE /* SimulationData.swift in Sources */ = {isa = PBXBuildFile; fileRef = 4455150420C9C339003735BE /* SimulationData.swift */; };
/* End PBXBuildFile section */

/* Begin PBXContainerItemProxy section */
		445514F020C71897003735BE /* PBXContainerItemProxy */ = {
			isa = PBXContainerItemProxy;
			containerPortal = 445514D120C71895003735BE /* Project object */;
			proxyType = 1;
			remoteGlobalIDString = 445514D820C71895003735BE;
			remoteInfo = CoinTip;
		};
/* End PBXContainerItemProxy section */

/* Begin PBXFileReference section */
		440DD95D20CC1CC3004C748E /* Ledger.swift */ = {isa = PBXFileReference; lastKnownFileType = sourcecode.swift; path = Ledger.swift; sourceTree = "<group>"; };
		440DD95F20CD9522004C748E /* UITextField+Buttons.swift */ = {isa = PBXFileReference; lastKnownFileType = sourcecode.swift; path = "UITextField+Buttons.swift"; sourceTree = "<group>"; };
		440DD96120CDA025004C748E /* RoundedUIView.swift */ = {isa = PBXFileReference; lastKnownFileType = sourcecode.swift; path = RoundedUIView.swift; sourceTree = "<group>"; };
		445514D920C71895003735BE /* CoinTip.app */ = {isa = PBXFileReference; explicitFileType = wrapper.application; includeInIndex = 0; path = CoinTip.app; sourceTree = BUILT_PRODUCTS_DIR; };
		445514DC20C71895003735BE /* AppDelegate.swift */ = {isa = PBXFileReference; lastKnownFileType = sourcecode.swift; path = AppDelegate.swift; sourceTree = "<group>"; };
		445514DE20C71895003735BE /* ScoopViewController.swift */ = {isa = PBXFileReference; lastKnownFileType = sourcecode.swift; path = ScoopViewController.swift; sourceTree = "<group>"; };
		445514E020C71895003735BE /* SimulationViewController.swift */ = {isa = PBXFileReference; lastKnownFileType = sourcecode.swift; path = SimulationViewController.swift; sourceTree = "<group>"; };
		445514E320C71895003735BE /* Base */ = {isa = PBXFileReference; lastKnownFileType = file.storyboard; name = Base; path = Base.lproj/Main.storyboard; sourceTree = "<group>"; };
		445514E520C71896003735BE /* Assets.xcassets */ = {isa = PBXFileReference; lastKnownFileType = folder.assetcatalog; path = Assets.xcassets; sourceTree = "<group>"; };
		445514E820C71896003735BE /* Base */ = {isa = PBXFileReference; lastKnownFileType = file.storyboard; name = Base; path = Base.lproj/LaunchScreen.storyboard; sourceTree = "<group>"; };
		445514EA20C71896003735BE /* Info.plist */ = {isa = PBXFileReference; lastKnownFileType = text.plist.xml; path = Info.plist; sourceTree = "<group>"; };
		445514EF20C71896003735BE /* CoinTipTests.xctest */ = {isa = PBXFileReference; explicitFileType = wrapper.cfbundle; includeInIndex = 0; path = CoinTipTests.xctest; sourceTree = BUILT_PRODUCTS_DIR; };
		445514F320C71897003735BE /* CoinTipTests.swift */ = {isa = PBXFileReference; lastKnownFileType = sourcecode.swift; path = CoinTipTests.swift; sourceTree = "<group>"; };
		445514F520C71897003735BE /* Info.plist */ = {isa = PBXFileReference; lastKnownFileType = text.plist.xml; path = Info.plist; sourceTree = "<group>"; };
		4455150020C7365F003735BE /* TradesTableViewCell.swift */ = {isa = PBXFileReference; lastKnownFileType = sourcecode.swift; path = TradesTableViewCell.swift; sourceTree = "<group>"; };
		4455150220C8651F003735BE /* SimulationTableViewController.swift */ = {isa = PBXFileReference; lastKnownFileType = sourcecode.swift; path = SimulationTableViewController.swift; sourceTree = "<group>"; };
		4455150420C9C339003735BE /* SimulationData.swift */ = {isa = PBXFileReference; lastKnownFileType = sourcecode.swift; path = SimulationData.swift; sourceTree = "<group>"; };
/* End PBXFileReference section */

/* Begin PBXFrameworksBuildPhase section */
		445514D620C71895003735BE /* Frameworks */ = {
			isa = PBXFrameworksBuildPhase;
			buildActionMask = 2147483647;
			files = (
			);
			runOnlyForDeploymentPostprocessing = 0;
		};
		445514EC20C71896003735BE /* Frameworks */ = {
			isa = PBXFrameworksBuildPhase;
			buildActionMask = 2147483647;
			files = (
			);
			runOnlyForDeploymentPostprocessing = 0;
		};
/* End PBXFrameworksBuildPhase section */

/* Begin PBXGroup section */
		445514D020C71895003735BE = {
			isa = PBXGroup;
			children = (
				445514DB20C71895003735BE /* CoinTip */,
				445514F220C71897003735BE /* CoinTipTests */,
				445514DA20C71895003735BE /* Products */,
			);
			sourceTree = "<group>";
		};
		445514DA20C71895003735BE /* Products */ = {
			isa = PBXGroup;
			children = (
				445514D920C71895003735BE /* CoinTip.app */,
				445514EF20C71896003735BE /* CoinTipTests.xctest */,
			);
			name = Products;
			sourceTree = "<group>";
		};
		445514DB20C71895003735BE /* CoinTip */ = {
			isa = PBXGroup;
			children = (
				440DD95F20CD9522004C748E /* UITextField+Buttons.swift */,
				440DD96120CDA025004C748E /* RoundedUIView.swift */,
				4455150420C9C339003735BE /* SimulationData.swift */,
				445514DC20C71895003735BE /* AppDelegate.swift */,
				445514DE20C71895003735BE /* ScoopViewController.swift */,
				445514E020C71895003735BE /* SimulationViewController.swift */,
				440DD95D20CC1CC3004C748E /* Ledger.swift */,
				445514E220C71895003735BE /* Main.storyboard */,
				4455150220C8651F003735BE /* SimulationTableViewController.swift */,
				4455150020C7365F003735BE /* TradesTableViewCell.swift */,
				445514E520C71896003735BE /* Assets.xcassets */,
				445514E720C71896003735BE /* LaunchScreen.storyboard */,
				445514EA20C71896003735BE /* Info.plist */,
			);
			path = CoinTip;
			sourceTree = "<group>";
		};
		445514F220C71897003735BE /* CoinTipTests */ = {
			isa = PBXGroup;
			children = (
				445514F320C71897003735BE /* CoinTipTests.swift */,
				445514F520C71897003735BE /* Info.plist */,
			);
			path = CoinTipTests;
			sourceTree = "<group>";
		};
/* End PBXGroup section */

/* Begin PBXNativeTarget section */
		445514D820C71895003735BE /* CoinTip */ = {
			isa = PBXNativeTarget;
			buildConfigurationList = 445514F820C71897003735BE /* Build configuration list for PBXNativeTarget "CoinTip" */;
			buildPhases = (
				445514D520C71895003735BE /* Sources */,
				445514D620C71895003735BE /* Frameworks */,
				445514D720C71895003735BE /* Resources */,
			);
			buildRules = (
			);
			dependencies = (
			);
			name = CoinTip;
			productName = CoinTip;
			productReference = 445514D920C71895003735BE /* CoinTip.app */;
			productType = "com.apple.product-type.application";
		};
		445514EE20C71896003735BE /* CoinTipTests */ = {
			isa = PBXNativeTarget;
			buildConfigurationList = 445514FB20C71897003735BE /* Build configuration list for PBXNativeTarget "CoinTipTests" */;
			buildPhases = (
				445514EB20C71896003735BE /* Sources */,
				445514EC20C71896003735BE /* Frameworks */,
				445514ED20C71896003735BE /* Resources */,
			);
			buildRules = (
			);
			dependencies = (
				445514F120C71897003735BE /* PBXTargetDependency */,
			);
			name = CoinTipTests;
			productName = CoinTipTests;
			productReference = 445514EF20C71896003735BE /* CoinTipTests.xctest */;
			productType = "com.apple.product-type.bundle.unit-test";
		};
/* End PBXNativeTarget section */

/* Begin PBXProject section */
		445514D120C71895003735BE /* Project object */ = {
			isa = PBXProject;
			attributes = {
				LastSwiftUpdateCheck = 0940;
				LastUpgradeCheck = 0940;
				ORGANIZATIONNAME = "Eugene Zaikonnikov";
				TargetAttributes = {
					445514D820C71895003735BE = {
						CreatedOnToolsVersion = 9.4;
					};
					445514EE20C71896003735BE = {
						CreatedOnToolsVersion = 9.4;
						TestTargetID = 445514D820C71895003735BE;
					};
				};
			};
			buildConfigurationList = 445514D420C71895003735BE /* Build configuration list for PBXProject "CoinTip" */;
			compatibilityVersion = "Xcode 9.3";
			developmentRegion = en;
			hasScannedForEncodings = 0;
			knownRegions = (
				en,
				Base,
			);
			mainGroup = 445514D020C71895003735BE;
			productRefGroup = 445514DA20C71895003735BE /* Products */;
			projectDirPath = "";
			projectRoot = "";
			targets = (
				445514D820C71895003735BE /* CoinTip */,
				445514EE20C71896003735BE /* CoinTipTests */,
			);
		};
/* End PBXProject section */

/* Begin PBXResourcesBuildPhase section */
		445514D720C71895003735BE /* Resources */ = {
			isa = PBXResourcesBuildPhase;
			buildActionMask = 2147483647;
			files = (
				445514E920C71896003735BE /* LaunchScreen.storyboard in Resources */,
				445514E620C71896003735BE /* Assets.xcassets in Resources */,
				445514E420C71895003735BE /* Main.storyboard in Resources */,
			);
			runOnlyForDeploymentPostprocessing = 0;
		};
		445514ED20C71896003735BE /* Resources */ = {
			isa = PBXResourcesBuildPhase;
			buildActionMask = 2147483647;
			files = (
			);
			runOnlyForDeploymentPostprocessing = 0;
		};
/* End PBXResourcesBuildPhase section */

/* Begin PBXSourcesBuildPhase section */
		445514D520C71895003735BE /* Sources */ = {
			isa = PBXSourcesBuildPhase;
			buildActionMask = 2147483647;
			files = (
				4455150520C9C339003735BE /* SimulationData.swift in Sources */,
				440DD96220CDA025004C748E /* RoundedUIView.swift in Sources */,
				445514E120C71895003735BE /* SimulationViewController.swift in Sources */,
				445514DD20C71895003735BE /* AppDelegate.swift in Sources */,
				4455150120C7365F003735BE /* TradesTableViewCell.swift in Sources */,
				440DD95E20CC1CC3004C748E /* Ledger.swift in Sources */,
				440DD96020CD9522004C748E /* UITextField+Buttons.swift in Sources */,
				445514DF20C71895003735BE /* ScoopViewController.swift in Sources */,
				4455150320C8651F003735BE /* SimulationTableViewController.swift in Sources */,
			);
			runOnlyForDeploymentPostprocessing = 0;
		};
		445514EB20C71896003735BE /* Sources */ = {
			isa = PBXSourcesBuildPhase;
			buildActionMask = 2147483647;
			files = (
				445514F420C71897003735BE /* CoinTipTests.swift in Sources */,
			);
			runOnlyForDeploymentPostprocessing = 0;
		};
/* End PBXSourcesBuildPhase section */

/* Begin PBXTargetDependency section */
		445514F120C71897003735BE /* PBXTargetDependency */ = {
			isa = PBXTargetDependency;
			target = 445514D820C71895003735BE /* CoinTip */;
			targetProxy = 445514F020C71897003735BE /* PBXContainerItemProxy */;
		};
/* End PBXTargetDependency section */

/* Begin PBXVariantGroup section */
		445514E220C71895003735BE /* Main.storyboard */ = {
			isa = PBXVariantGroup;
			children = (
				445514E320C71895003735BE /* Base */,
			);
			name = Main.storyboard;
			sourceTree = "<group>";
		};
		445514E720C71896003735BE /* LaunchScreen.storyboard */ = {
			isa = PBXVariantGroup;
			children = (
				445514E820C71896003735BE /* Base */,
			);
			name = LaunchScreen.storyboard;
			sourceTree = "<group>";
		};
/* End PBXVariantGroup section */

/* Begin XCBuildConfiguration section */
		445514F620C71897003735BE /* Debug */ = {
			isa = XCBuildConfiguration;
			buildSettings = {
				ALWAYS_SEARCH_USER_PATHS = NO;
				CLANG_ANALYZER_NONNULL = YES;
				CLANG_ANALYZER_NUMBER_OBJECT_CONVERSION = YES_AGGRESSIVE;
				CLANG_CXX_LANGUAGE_STANDARD = "gnu++14";
				CLANG_CXX_LIBRARY = "libc++";
				CLANG_ENABLE_MODULES = YES;
				CLANG_ENABLE_OBJC_ARC = YES;
				CLANG_ENABLE_OBJC_WEAK = YES;
				CLANG_WARN_BLOCK_CAPTURE_AUTORELEASING = YES;
				CLANG_WARN_BOOL_CONVERSION = YES;
				CLANG_WARN_COMMA = YES;
				CLANG_WARN_CONSTANT_CONVERSION = YES;
				CLANG_WARN_DEPRECATED_OBJC_IMPLEMENTATIONS = YES;
				CLANG_WARN_DIRECT_OBJC_ISA_USAGE = YES_ERROR;
				CLANG_WARN_DOCUMENTATION_COMMENTS = YES;
				CLANG_WARN_EMPTY_BODY = YES;
				CLANG_WARN_ENUM_CONVERSION = YES;
				CLANG_WARN_INFINITE_RECURSION = YES;
				CLANG_WARN_INT_CONVERSION = YES;
				CLANG_WARN_NON_LITERAL_NULL_CONVERSION = YES;
				CLANG_WARN_OBJC_IMPLICIT_RETAIN_SELF = YES;
				CLANG_WARN_OBJC_LITERAL_CONVERSION = YES;
				CLANG_WARN_OBJC_ROOT_CLASS = YES_ERROR;
				CLANG_WARN_RANGE_LOOP_ANALYSIS = YES;
				CLANG_WARN_STRICT_PROTOTYPES = YES;
				CLANG_WARN_SUSPICIOUS_MOVE = YES;
				CLANG_WARN_UNGUARDED_AVAILABILITY = YES_AGGRESSIVE;
				CLANG_WARN_UNREACHABLE_CODE = YES;
				CLANG_WARN__DUPLICATE_METHOD_MATCH = YES;
				CODE_SIGN_IDENTITY = "iPhone Developer";
				COPY_PHASE_STRIP = NO;
				DEBUG_INFORMATION_FORMAT = dwarf;
				ENABLE_STRICT_OBJC_MSGSEND = YES;
				ENABLE_TESTABILITY = YES;
				GCC_C_LANGUAGE_STANDARD = gnu11;
				GCC_DYNAMIC_NO_PIC = NO;
				GCC_NO_COMMON_BLOCKS = YES;
				GCC_OPTIMIZATION_LEVEL = 0;
				GCC_PREPROCESSOR_DEFINITIONS = (
					"DEBUG=1",
					"$(inherited)",
				);
				GCC_WARN_64_TO_32_BIT_CONVERSION = YES;
				GCC_WARN_ABOUT_RETURN_TYPE = YES_ERROR;
				GCC_WARN_UNDECLARED_SELECTOR = YES;
				GCC_WARN_UNINITIALIZED_AUTOS = YES_AGGRESSIVE;
				GCC_WARN_UNUSED_FUNCTION = YES;
				GCC_WARN_UNUSED_VARIABLE = YES;
				IPHONEOS_DEPLOYMENT_TARGET = 11.4;
				MTL_ENABLE_DEBUG_INFO = YES;
				ONLY_ACTIVE_ARCH = YES;
				SDKROOT = iphoneos;
				SWIFT_ACTIVE_COMPILATION_CONDITIONS = DEBUG;
				SWIFT_OPTIMIZATION_LEVEL = "-Onone";
			};
			name = Debug;
		};
		445514F720C71897003735BE /* Release */ = {
			isa = XCBuildConfiguration;
			buildSettings = {
				ALWAYS_SEARCH_USER_PATHS = NO;
				CLANG_ANALYZER_NONNULL = YES;
				CLANG_ANALYZER_NUMBER_OBJECT_CONVERSION = YES_AGGRESSIVE;
				CLANG_CXX_LANGUAGE_STANDARD = "gnu++14";
				CLANG_CXX_LIBRARY = "libc++";
				CLANG_ENABLE_MODULES = YES;
				CLANG_ENABLE_OBJC_ARC = YES;
				CLANG_ENABLE_OBJC_WEAK = YES;
				CLANG_WARN_BLOCK_CAPTURE_AUTORELEASING = YES;
				CLANG_WARN_BOOL_CONVERSION = YES;
				CLANG_WARN_COMMA = YES;
				CLANG_WARN_CONSTANT_CONVERSION = YES;
				CLANG_WARN_DEPRECATED_OBJC_IMPLEMENTATIONS = YES;
				CLANG_WARN_DIRECT_OBJC_ISA_USAGE = YES_ERROR;
				CLANG_WARN_DOCUMENTATION_COMMENTS = YES;
				CLANG_WARN_EMPTY_BODY = YES;
				CLANG_WARN_ENUM_CONVERSION = YES;
				CLANG_WARN_INFINITE_RECURSION = YES;
				CLANG_WARN_INT_CONVERSION = YES;
				CLANG_WARN_NON_LITERAL_NULL_CONVERSION = YES;
				CLANG_WARN_OBJC_IMPLICIT_RETAIN_SELF = YES;
				CLANG_WARN_OBJC_LITERAL_CONVERSION = YES;
				CLANG_WARN_OBJC_ROOT_CLASS = YES_ERROR;
				CLANG_WARN_RANGE_LOOP_ANALYSIS = YES;
				CLANG_WARN_STRICT_PROTOTYPES = YES;
				CLANG_WARN_SUSPICIOUS_MOVE = YES;
				CLANG_WARN_UNGUARDED_AVAILABILITY = YES_AGGRESSIVE;
				CLANG_WARN_UNREACHABLE_CODE = YES;
				CLANG_WARN__DUPLICATE_METHOD_MATCH = YES;
				CODE_SIGN_IDENTITY = "iPhone Developer";
				COPY_PHASE_STRIP = NO;
				DEBUG_INFORMATION_FORMAT = "dwarf-with-dsym";
				ENABLE_NS_ASSERTIONS = NO;
				ENABLE_STRICT_OBJC_MSGSEND = YES;
				GCC_C_LANGUAGE_STANDARD = gnu11;
				GCC_NO_COMMON_BLOCKS = YES;
				GCC_WARN_64_TO_32_BIT_CONVERSION = YES;
				GCC_WARN_ABOUT_RETURN_TYPE = YES_ERROR;
				GCC_WARN_UNDECLARED_SELECTOR = YES;
				GCC_WARN_UNINITIALIZED_AUTOS = YES_AGGRESSIVE;
				GCC_WARN_UNUSED_FUNCTION = YES;
				GCC_WARN_UNUSED_VARIABLE = YES;
				IPHONEOS_DEPLOYMENT_TARGET = 11.4;
				MTL_ENABLE_DEBUG_INFO = NO;
				SDKROOT = iphoneos;
				SWIFT_COMPILATION_MODE = wholemodule;
				SWIFT_OPTIMIZATION_LEVEL = "-O";
				VALIDATE_PRODUCT = YES;
			};
			name = Release;
		};
		445514F920C71897003735BE /* Debug */ = {
			isa = XCBuildConfiguration;
			buildSettings = {
				ASSETCATALOG_COMPILER_APPICON_NAME = AppIcon;
				CODE_SIGN_STYLE = Automatic;
				DEVELOPMENT_TEAM = G8R3H8XD4U;
				INFOPLIST_FILE = CoinTip/Info.plist;
				LD_RUNPATH_SEARCH_PATHS = (
					"$(inherited)",
					"@executable_path/Frameworks",
				);
				PRODUCT_BUNDLE_IDENTIFIER = org.funcall.CoinTip;
				PRODUCT_NAME = "$(TARGET_NAME)";
				SWIFT_VERSION = 4.0;
				TARGETED_DEVICE_FAMILY = "1,2";
			};
			name = Debug;
		};
		445514FA20C71897003735BE /* Release */ = {
			isa = XCBuildConfiguration;
			buildSettings = {
				ASSETCATALOG_COMPILER_APPICON_NAME = AppIcon;
				CODE_SIGN_STYLE = Automatic;
				DEVELOPMENT_TEAM = G8R3H8XD4U;
				INFOPLIST_FILE = CoinTip/Info.plist;
				LD_RUNPATH_SEARCH_PATHS = (
					"$(inherited)",
					"@executable_path/Frameworks",
				);
				PRODUCT_BUNDLE_IDENTIFIER = org.funcall.CoinTip;
				PRODUCT_NAME = "$(TARGET_NAME)";
				SWIFT_VERSION = 4.0;
				TARGETED_DEVICE_FAMILY = "1,2";
			};
			name = Release;
		};
		445514FC20C71897003735BE /* Debug */ = {
			isa = XCBuildConfiguration;
			buildSettings = {
				ALWAYS_EMBED_SWIFT_STANDARD_LIBRARIES = YES;
				BUNDLE_LOADER = "$(TEST_HOST)";
				CODE_SIGN_STYLE = Automatic;
				DEVELOPMENT_TEAM = G8R3H8XD4U;
				INFOPLIST_FILE = CoinTipTests/Info.plist;
				LD_RUNPATH_SEARCH_PATHS = (
					"$(inherited)",
					"@executable_path/Frameworks",
					"@loader_path/Frameworks",
				);
				PRODUCT_BUNDLE_IDENTIFIER = org.funcall.CoinTipTests;
				PRODUCT_NAME = "$(TARGET_NAME)";
				SWIFT_VERSION = 4.0;
				TARGETED_DEVICE_FAMILY = "1,2";
				TEST_HOST = "$(BUILT_PRODUCTS_DIR)/CoinTip.app/CoinTip";
			};
			name = Debug;
		};
		445514FD20C71897003735BE /* Release */ = {
			isa = XCBuildConfiguration;
			buildSettings = {
				ALWAYS_EMBED_SWIFT_STANDARD_LIBRARIES = YES;
				BUNDLE_LOADER = "$(TEST_HOST)";
				CODE_SIGN_STYLE = Automatic;
				DEVELOPMENT_TEAM = G8R3H8XD4U;
				INFOPLIST_FILE = CoinTipTests/Info.plist;
				LD_RUNPATH_SEARCH_PATHS = (
					"$(inherited)",
					"@executable_path/Frameworks",
					"@loader_path/Frameworks",
				);
				PRODUCT_BUNDLE_IDENTIFIER = org.funcall.CoinTipTests;
				PRODUCT_NAME = "$(TARGET_NAME)";
				SWIFT_VERSION = 4.0;
				TARGETED_DEVICE_FAMILY = "1,2";
				TEST_HOST = "$(BUILT_PRODUCTS_DIR)/CoinTip.app/CoinTip";
			};
			name = Release;
		};
/* End XCBuildConfiguration section */

/* Begin XCConfigurationList section */
		445514D420C71895003735BE /* Build configuration list for PBXProject "CoinTip" */ = {
			isa = XCConfigurationList;
			buildConfigurations = (
				445514F620C71897003735BE /* Debug */,
				445514F720C71897003735BE /* Release */,
			);
			defaultConfigurationIsVisible = 0;
			defaultConfigurationName = Release;
		};
		445514F820C71897003735BE /* Build configuration list for PBXNativeTarget "CoinTip" */ = {
			isa = XCConfigurationList;
			buildConfigurations = (
				445514F920C71897003735BE /* Debug */,
				445514FA20C71897003735BE /* Release */,
			);
			defaultConfigurationIsVisible = 0;
			defaultConfigurationName = Release;
		};
		445514FB20C71897003735BE /* Build configuration list for PBXNativeTarget "CoinTipTests" */ = {
			isa = XCConfigurationList;
			buildConfigurations = (
				445514FC20C71897003735BE /* Debug */,
				445514FD20C71897003735BE /* Release */,
			);
			defaultConfigurationIsVisible = 0;
			defaultConfigurationName = Release;
		};
/* End XCConfigurationList section */
	};
	rootObject = 445514D120C71895003735BE /* Project object */;
}
